{
  "name": "twonk-market",
  "version": "1.0.0",
  "lockfileVersion": 3,
  "requires": true,
  "packages": {
    "": {
      "name": "twonk-market",
      "version": "1.0.0",
      "license": "ISC",
      "dependencies": {
        "@bsv/sdk": "^3.2.0"
      }
    },
    "node_modules/@bsv/sdk": {
      "version": "3.2.0",
      "resolved": "https://registry.npmjs.org/@bsv/sdk/-/sdk-3.2.0.tgz",
      "integrity": "sha512-ESPueTQYO1i+oMP5NBecXPeVVib1FHzOhsdW5xf0sA3kDHD0iB1BhN99MJekcYlEPpXyUV9/UtYOvyYzhrwJ2Q==",
      "license": "SEE LICENSE IN LICENSE.txt",
      "engines": {
        "node": ">=22"
      }
    }
  }
}
